<?xml version="1.0" encoding="utf-8"?>
<Project ToolsVersion="4.0" xmlns="http://schemas.microsoft.com/developer/msbuild/2003">
  <ItemGroup>
    <Filter Include="源文件">
      <UniqueIdentifier>{4FC737F1-C7A5-4376-A066-2A32D752A2FF}</UniqueIdentifier>
      <Extensions>cpp;c;cc;cxx;def;odl;idl;hpj;bat;asm;asmx</Extensions>
    </Filter>
    <Filter Include="头文件">
      <UniqueIdentifier>{93995380-89BD-4b04-88EB-625FBE52EBFB}</UniqueIdentifier>
      <Extensions>h;hh;hpp;hxx;hm;inl;inc;xsd</Extensions>
    </Filter>
    <Filter Include="资源文件">
      <UniqueIdentifier>{67DA6AB6-F800-4c08-8B7A-83BB121AAD01}</UniqueIdentifier>
      <Extensions>rc;ico;cur;bmp;dlg;rc2;rct;bin;rgs;gif;jpg;jpeg;jpe;resx;tiff;tif;png;wav;mfcribbon-ms</Extensions>
    </Filter>
    <Filter Include="头文件\dlib">
      <UniqueIdentifier>{02a7b5c1-4ac9-4a97-ad0d-74af09c4845e}</UniqueIdentifier>
    </Filter>
  </ItemGroup>
  <ItemGroup>
    <ClInclude Include="dlib\algs.h">
      <Filter>头文件\dlib</Filter>
    </ClInclude>
    <ClInclude Include="dlib\any.h">
      <Filter>头文件\dlib</Filter>
    </ClInclude>
    <ClInclude Include="dlib\array.h">
      <Filter>头文件\dlib</Filter>
    </ClInclude>
    <ClInclude Include="dlib\array2d.h">
      <Filter>头文件\dlib</Filter>
    </ClInclude>
    <ClInclude Include="dlib\assert.h">
      <Filter>头文件\dlib</Filter>
    </ClInclude>
    <ClInclude Include="dlib\base64.h">
      <Filter>头文件\dlib</Filter>
    </ClInclude>
    <ClInclude Include="dlib\bayes_utils.h">
      <Filter>头文件\dlib</Filter>
    </ClInclude>
    <ClInclude Include="dlib\bigint.h">
      <Filter>头文件\dlib</Filter>
    </ClInclude>
    <ClInclude Include="dlib\binary_search_tree.h">
      <Filter>头文件\dlib</Filter>
    </ClInclude>
    <ClInclude Include="dlib\bit_stream.h">
      <Filter>头文件\dlib</Filter>
    </ClInclude>
    <ClInclude Include="dlib\bound_function_pointer.h">
      <Filter>头文件\dlib</Filter>
    </ClInclude>
    <ClInclude Include="dlib\bridge.h">
      <Filter>头文件\dlib</Filter>
    </ClInclude>
    <ClInclude Include="dlib\bsp.h">
      <Filter>头文件\dlib</Filter>
    </ClInclude>
    <ClInclude Include="dlib\byte_orderer.h">
      <Filter>头文件\dlib</Filter>
    </ClInclude>
    <ClInclude Include="dlib\clustering.h">
      <Filter>头文件\dlib</Filter>
    </ClInclude>
    <ClInclude Include="dlib\cmd_line_parser.h">
      <Filter>头文件\dlib</Filter>
    </ClInclude>
    <ClInclude Include="dlib\compress_stream.h">
      <Filter>头文件\dlib</Filter>
    </ClInclude>
    <ClInclude Include="dlib\conditioning_class.h">
      <Filter>头文件\dlib</Filter>
    </ClInclude>
    <ClInclude Include="dlib\config.h">
      <Filter>头文件\dlib</Filter>
    </ClInclude>
    <ClInclude Include="dlib\config_reader.h">
      <Filter>头文件\dlib</Filter>
    </ClInclude>
    <ClInclude Include="dlib\console_progress_indicator.h">
      <Filter>头文件\dlib</Filter>
    </ClInclude>
    <ClInclude Include="dlib\control.h">
      <Filter>头文件\dlib</Filter>
    </ClInclude>
    <ClInclude Include="dlib\cpp_pretty_printer.h">
      <Filter>头文件\dlib</Filter>
    </ClInclude>
    <ClInclude Include="dlib\cpp_tokenizer.h">
      <Filter>头文件\dlib</Filter>
    </ClInclude>
    <ClInclude Include="dlib\crc32.h">
      <Filter>头文件\dlib</Filter>
    </ClInclude>
    <ClInclude Include="dlib\data_io.h">
      <Filter>头文件\dlib</Filter>
    </ClInclude>
    <ClInclude Include="dlib\dir_nav.h">
      <Filter>头文件\dlib</Filter>
    </ClInclude>
    <ClInclude Include="dlib\directed_graph.h">
      <Filter>头文件\dlib</Filter>
    </ClInclude>
    <ClInclude Include="dlib\disjoint_subsets.h">
      <Filter>头文件\dlib</Filter>
    </ClInclude>
    <ClInclude Include="dlib\dnn.h">
      <Filter>头文件\dlib</Filter>
    </ClInclude>
    <ClInclude Include="dlib\enable_if.h">
      <Filter>头文件\dlib</Filter>
    </ClInclude>
    <ClInclude Include="dlib\entropy_decoder.h">
      <Filter>头文件\dlib</Filter>
    </ClInclude>
    <ClInclude Include="dlib\entropy_decoder_model.h">
      <Filter>头文件\dlib</Filter>
    </ClInclude>
    <ClInclude Include="dlib\entropy_encoder.h">
      <Filter>头文件\dlib</Filter>
    </ClInclude>
    <ClInclude Include="dlib\entropy_encoder_model.h">
      <Filter>头文件\dlib</Filter>
    </ClInclude>
    <ClInclude Include="dlib\error.h">
      <Filter>头文件\dlib</Filter>
    </ClInclude>
    <ClInclude Include="dlib\filtering.h">
      <Filter>头文件\dlib</Filter>
    </ClInclude>
    <ClInclude Include="dlib\float_details.h">
      <Filter>头文件\dlib</Filter>
    </ClInclude>
    <ClInclude Include="dlib\geometry.h">
      <Filter>头文件\dlib</Filter>
    </ClInclude>
    <ClInclude Include="dlib\graph.h">
      <Filter>头文件\dlib</Filter>
    </ClInclude>
    <ClInclude Include="dlib\graph_cuts.h">
      <Filter>头文件\dlib</Filter>
    </ClInclude>
    <ClInclude Include="dlib\graph_utils.h">
      <Filter>头文件\dlib</Filter>
    </ClInclude>
    <ClInclude Include="dlib\graph_utils_threaded.h">
      <Filter>头文件\dlib</Filter>
    </ClInclude>
    <ClInclude Include="dlib\gui_core.h">
      <Filter>头文件\dlib</Filter>
    </ClInclude>
    <ClInclude Include="dlib\gui_widgets.h">
      <Filter>头文件\dlib</Filter>
    </ClInclude>
    <ClInclude Include="dlib\hash.h">
      <Filter>头文件\dlib</Filter>
    </ClInclude>
    <ClInclude Include="dlib\hash_map.h">
      <Filter>头文件\dlib</Filter>
    </ClInclude>
    <ClInclude Include="dlib\hash_set.h">
      <Filter>头文件\dlib</Filter>
    </ClInclude>
    <ClInclude Include="dlib\hash_table.h">
      <Filter>头文件\dlib</Filter>
    </ClInclude>
    <ClInclude Include="dlib\image_io.h">
      <Filter>头文件\dlib</Filter>
    </ClInclude>
    <ClInclude Include="dlib\image_keypoint.h">
      <Filter>头文件\dlib</Filter>
    </ClInclude>
    <ClInclude Include="dlib\image_processing.h">
      <Filter>头文件\dlib</Filter>
    </ClInclude>
    <ClInclude Include="dlib\image_transforms.h">
      <Filter>头文件\dlib</Filter>
    </ClInclude>
    <ClInclude Include="dlib\iosockstream.h">
      <Filter>头文件\dlib</Filter>
    </ClInclude>
    <ClInclude Include="dlib\is_kind.h">
      <Filter>头文件\dlib</Filter>
    </ClInclude>
    <ClInclude Include="dlib\linker.h">
      <Filter>头文件\dlib</Filter>
    </ClInclude>
    <ClInclude Include="dlib\logger.h">
      <Filter>头文件\dlib</Filter>
    </ClInclude>
    <ClInclude Include="dlib\lsh.h">
      <Filter>头文件\dlib</Filter>
    </ClInclude>
    <ClInclude Include="dlib\lz77_buffer.h">
      <Filter>头文件\dlib</Filter>
    </ClInclude>
    <ClInclude Include="dlib\lzp_buffer.h">
      <Filter>头文件\dlib</Filter>
    </ClInclude>
    <ClInclude Include="dlib\manifold_regularization.h">
      <Filter>头文件\dlib</Filter>
    </ClInclude>
    <ClInclude Include="dlib\map.h">
      <Filter>头文件\dlib</Filter>
    </ClInclude>
    <ClInclude Include="dlib\matrix.h">
      <Filter>头文件\dlib</Filter>
    </ClInclude>
    <ClInclude Include="dlib\md5.h">
      <Filter>头文件\dlib</Filter>
    </ClInclude>
    <ClInclude Include="dlib\member_function_pointer.h">
      <Filter>头文件\dlib</Filter>
    </ClInclude>
    <ClInclude Include="dlib\memory_manager.h">
      <Filter>头文件\dlib</Filter>
    </ClInclude>
    <ClInclude Include="dlib\memory_manager_global.h">
      <Filter>头文件\dlib</Filter>
    </ClInclude>
    <ClInclude Include="dlib\memory_manager_stateless.h">
      <Filter>头文件\dlib</Filter>
    </ClInclude>
    <ClInclude Include="dlib\misc_api.h">
      <Filter>头文件\dlib</Filter>
    </ClInclude>
    <ClInclude Include="dlib\mlp.h">
      <Filter>头文件\dlib</Filter>
    </ClInclude>
    <ClInclude Include="dlib\noncopyable.h">
      <Filter>头文件\dlib</Filter>
    </ClInclude>
    <ClInclude Include="dlib\numeric_constants.h">
      <Filter>头文件\dlib</Filter>
    </ClInclude>
    <ClInclude Include="dlib\numerical_integration.h">
      <Filter>头文件\dlib</Filter>
    </ClInclude>
    <ClInclude Include="dlib\opencv.h">
      <Filter>头文件\dlib</Filter>
    </ClInclude>
    <ClInclude Include="dlib\optimization.h">
      <Filter>头文件\dlib</Filter>
    </ClInclude>
    <ClInclude Include="dlib\pipe.h">
      <Filter>头文件\dlib</Filter>
    </ClInclude>
    <ClInclude Include="dlib\pixel.h">
      <Filter>头文件\dlib</Filter>
    </ClInclude>
    <ClInclude Include="dlib\platform.h">
      <Filter>头文件\dlib</Filter>
    </ClInclude>
    <ClInclude Include="dlib\python.h">
      <Filter>头文件\dlib</Filter>
    </ClInclude>
    <ClInclude Include="dlib\quantum_computing.h">
      <Filter>头文件\dlib</Filter>
    </ClInclude>
    <ClInclude Include="dlib\queue.h">
      <Filter>头文件\dlib</Filter>
    </ClInclude>
    <ClInclude Include="dlib\rand.h">
      <Filter>头文件\dlib</Filter>
    </ClInclude>
    <ClInclude Include="dlib\ref.h">
      <Filter>头文件\dlib</Filter>
    </ClInclude>
    <ClInclude Include="dlib\reference_counter.h">
      <Filter>头文件\dlib</Filter>
    </ClInclude>
    <ClInclude Include="dlib\revision.h">
      <Filter>头文件\dlib</Filter>
    </ClInclude>
    <ClInclude Include="dlib\sequence.h">
      <Filter>头文件\dlib</Filter>
    </ClInclude>
    <ClInclude Include="dlib\serialize.h">
      <Filter>头文件\dlib</Filter>
    </ClInclude>
    <ClInclude Include="dlib\server.h">
      <Filter>头文件\dlib</Filter>
    </ClInclude>
    <ClInclude Include="dlib\set.h">
      <Filter>头文件\dlib</Filter>
    </ClInclude>
    <ClInclude Include="dlib\set_utils.h">
      <Filter>头文件\dlib</Filter>
    </ClInclude>
    <ClInclude Include="dlib\simd.h">
      <Filter>头文件\dlib</Filter>
    </ClInclude>
    <ClInclude Include="dlib\sliding_buffer.h">
      <Filter>头文件\dlib</Filter>
    </ClInclude>
    <ClInclude Include="dlib\smart_pointers.h">
      <Filter>头文件\dlib</Filter>
    </ClInclude>
    <ClInclude Include="dlib\smart_pointers_thread_safe.h">
      <Filter>头文件\dlib</Filter>
    </ClInclude>
    <ClInclude Include="dlib\sockets.h">
      <Filter>头文件\dlib</Filter>
    </ClInclude>
    <ClInclude Include="dlib\sockstreambuf.h">
      <Filter>头文件\dlib</Filter>
    </ClInclude>
    <ClInclude Include="dlib\sort.h">
      <Filter>头文件\dlib</Filter>
    </ClInclude>
    <ClInclude Include="dlib\sparse_vector.h">
      <Filter>头文件\dlib</Filter>
    </ClInclude>
    <ClInclude Include="dlib\sqlite.h">
      <Filter>头文件\dlib</Filter>
    </ClInclude>
    <ClInclude Include="dlib\stack.h">
      <Filter>头文件\dlib</Filter>
    </ClInclude>
    <ClInclude Include="dlib\stack_trace.h">
      <Filter>头文件\dlib</Filter>
    </ClInclude>
    <ClInclude Include="dlib\static_map.h">
      <Filter>头文件\dlib</Filter>
    </ClInclude>
    <ClInclude Include="dlib\static_set.h">
      <Filter>头文件\dlib</Filter>
    </ClInclude>
    <ClInclude Include="dlib\statistics.h">
      <Filter>头文件\dlib</Filter>
    </ClInclude>
    <ClInclude Include="dlib\std_allocator.h">
      <Filter>头文件\dlib</Filter>
    </ClInclude>
    <ClInclude Include="dlib\stl_checked.h">
      <Filter>头文件\dlib</Filter>
    </ClInclude>
    <ClInclude Include="dlib\string.h">
      <Filter>头文件\dlib</Filter>
    </ClInclude>
    <ClInclude Include="dlib\svm.h">
      <Filter>头文件\dlib</Filter>
    </ClInclude>
    <ClInclude Include="dlib\svm_threaded.h">
      <Filter>头文件\dlib</Filter>
    </ClInclude>
    <ClInclude Include="dlib\sync_extension.h">
      <Filter>头文件\dlib</Filter>
    </ClInclude>
    <ClInclude Include="dlib\threads.h">
      <Filter>头文件\dlib</Filter>
    </ClInclude>
    <ClInclude Include="dlib\time_this.h">
      <Filter>头文件\dlib</Filter>
    </ClInclude>
    <ClInclude Include="dlib\timeout.h">
      <Filter>头文件\dlib</Filter>
    </ClInclude>
    <ClInclude Include="dlib\timer.h">
      <Filter>头文件\dlib</Filter>
    </ClInclude>
    <ClInclude Include="dlib\timing.h">
      <Filter>头文件\dlib</Filter>
    </ClInclude>
    <ClInclude Include="dlib\tokenizer.h">
      <Filter>头文件\dlib</Filter>
    </ClInclude>
    <ClInclude Include="dlib\tuple.h">
      <Filter>头文件\dlib</Filter>
    </ClInclude>
    <ClInclude Include="dlib\type_safe_union.h">
      <Filter>头文件\dlib</Filter>
    </ClInclude>
    <ClInclude Include="dlib\uintn.h">
      <Filter>头文件\dlib</Filter>
    </ClInclude>
    <ClInclude Include="dlib\unicode.h">
      <Filter>头文件\dlib</Filter>
    </ClInclude>
    <ClInclude Include="dlib\unordered_pair.h">
      <Filter>头文件\dlib</Filter>
    </ClInclude>
    <ClInclude Include="dlib\vectorstream.h">
      <Filter>头文件\dlib</Filter>
    </ClInclude>
    <ClInclude Include="dlib\windows_magic.h">
      <Filter>头文件\dlib</Filter>
    </ClInclude>
    <ClInclude Include="dlib\xml_parser.h">
      <Filter>头文件\dlib</Filter>
    </ClInclude>
    <ClInclude Include="resource.h">
      <Filter>头文件</Filter>
    </ClInclude>
    <ClInclude Include="CImg.h">
      <Filter>头文件</Filter>
    </ClInclude>
    <ClInclude Include="Morphing.h">
      <Filter>头文件</Filter>
    </ClInclude>
    <ClInclude Include="Point.h">
      <Filter>头文件</Filter>
    </ClInclude>
    <ClInclude Include="Delaunay.h">
      <Filter>头文件</Filter>
    </ClInclude>
    <ClInclude Include="MyMatrix.h">
      <Filter>头文件</Filter>
    </ClInclude>
  </ItemGroup>
  <ItemGroup>
    <ClCompile Include="dlib\all_console.cpp">
      <Filter>头文件\dlib</Filter>
    </ClCompile>
    <ClCompile Include="dlib\all_gui.cpp">
      <Filter>头文件\dlib</Filter>
    </ClCompile>
    <ClCompile Include="dlib\stack_trace.cpp">
      <Filter>头文件\dlib</Filter>
    </ClCompile>
    <ClCompile Include="main.cpp">
      <Filter>源文件</Filter>
    </ClCompile>
    <ClCompile Include="Morphing.cpp">
      <Filter>源文件</Filter>
    </ClCompile>
    <ClCompile Include="dlib\all\source.cpp">
      <Filter>源文件</Filter>
    </ClCompile>
    <ClCompile Include="Point.cpp">
      <Filter>源文件</Filter>
    </ClCompile>
    <ClCompile Include="Delaunay.cpp">
      <Filter>源文件</Filter>
    </ClCompile>
  </ItemGroup>
  <ItemGroup>
    <None Include="dlib\cassert">
      <Filter>头文件\dlib</Filter>
    </None>
    <None Include="dlib\cmake">
      <Filter>头文件\dlib</Filter>
    </None>
    <None Include="dlib\config.h.in">
      <Filter>头文件\dlib</Filter>
    </None>
    <None Include="dlib\cstring">
      <Filter>头文件\dlib</Filter>
    </None>
    <None Include="dlib\fstream">
      <Filter>头文件\dlib</Filter>
    </None>
    <None Include="dlib\iomanip">
      <Filter>头文件\dlib</Filter>
    </None>
    <None Include="dlib\iosfwd">
      <Filter>头文件\dlib</Filter>
    </None>
    <None Include="dlib\iostream">
      <Filter>头文件\dlib</Filter>
    </None>
    <None Include="dlib\istream">
      <Filter>头文件\dlib</Filter>
    </None>
    <None Include="dlib\locale">
      <Filter>头文件\dlib</Filter>
    </None>
    <None Include="dlib\ostream">
      <Filter>头文件\dlib</Filter>
    </None>
    <None Include="dlib\revision.h.in">
      <Filter>头文件\dlib</Filter>
    </None>
    <None Include="dlib\sstream">
      <Filter>头文件\dlib</Filter>
    </None>
    <None Include="shape_predictor_68_face_landmarks.dat">
      <Filter>资源文件</Filter>
    </None>
  </ItemGroup>
  <ItemGroup>
    <Text Include="dlib\CMakeLists.txt">
      <Filter>头文件\dlib</Filter>
    </Text>
    <Text Include="dlib\dlib_basic_cpp_build_tutorial.txt">
      <Filter>头文件\dlib</Filter>
    </Text>
    <Text Include="dlib\dlib_include_path_tutorial.txt">
      <Filter>头文件\dlib</Filter>
    </Text>
    <Text Include="dlib\LICENSE.txt">
      <Filter>头文件\dlib</Filter>
    </Text>
  </ItemGroup>
  <ItemGroup>
    <ResourceCompile Include="Morphing.rc">
      <Filter>资源文件</Filter>
    </ResourceCompile>
  </ItemGroup>
</Project>